Microsoft Visual Studio Solution File, Format Version 12.00
# Visual Studio Version 17
VisualStudioVersion = 17.5.2.0
MinimumVisualStudioVersion = 10.0.40219.1
Project("{FAE04EC0-301F-11D3-BF4B-00C04F79EFBC}") = "ToDo.FrontEnd", "ToDo.FrontEnd\ToDo.FrontEnd.csproj", "{0A5FAD9A-6AC5-F230-19CF-E8A3369562AD}"
EndProject
Global
	GlobalSection(SolutionConfigurationPlatforms) = preSolution
		Debug|Any CPU = Debug|Any CPU
		Release|Any CPU = Release|Any CPU
	EndGlobalSection
	GlobalSection(ProjectConfigurationPlatforms) = postSolution
		{0A5FAD9A-6AC5-F230-19CF-E8A3369562AD}.Debug|Any CPU.ActiveCfg = Debug|Any CPU
		{0A5FAD9A-6AC5-F230-19CF-E8A3369562AD}.Debug|Any CPU.Build.0 = Debug|Any CPU
		{0A5FAD9A-6AC5-F230-19CF-E8A3369562AD}.Release|Any CPU.ActiveCfg = Release|Any CPU
		{0A5FAD9A-6AC5-F230-19CF-E8A3369562AD}.Release|Any CPU.Build.0 = Release|Any CPU
	EndGlobalSection
	GlobalSection(SolutionProperties) = preSolution
		HideSolutionNode = FALSE
	EndGlobalSection
	GlobalSection(ExtensibilityGlobals) = postSolution
		SolutionGuid = {BD5196EB-5312-4149-AA07-E7B11CEBD50F}
	EndGlobalSection
EndGlobal
